
Microsoft Visual Studio Solution File, Format Version 12.00
# Visual Studio Version 16
VisualStudioVersion = 16.0.30804.86
MinimumVisualStudioVersion = 10.0.40219.1
Project("{9A19103F-16F7-4668-BE54-9A1E7A4F7556}") = "Blog.Business", "Blog.Business\Blog.Business.csproj", "{FC77FF22-3411-4D09-8EAE-1CBC6D696C78}"
EndProject
Project("{9A19103F-16F7-4668-BE54-9A1E7A4F7556}") = "Blog.DataAccess", "Blog.DataAccess\Blog.DataAccess.csproj", "{E4FB2133-505C-40DA-A11E-5AE27DB5D376}"
EndProject
Project("{9A19103F-16F7-4668-BE54-9A1E7A4F7556}") = "Blog.Core", "Blog.Core\Blog.Core.csproj", "{F7473286-5CBA-4361-BCFD-68472948102D}"
EndProject
Project("{9A19103F-16F7-4668-BE54-9A1E7A4F7556}") = "Blog.Entities", "Blog.Entities\Blog.Entities.csproj", "{891AD4D5-2B8A-46D1-9398-37E124C0294E}"
EndProject
Project("{9A19103F-16F7-4668-BE54-9A1E7A4F7556}") = "Blog.WebUI", "Blog.WebUI\Blog.WebUI.csproj", "{F393E770-EAAC-4633-B975-194F0232D121}"
EndProject
Project("{2150E333-8FDC-42A3-9474-1A3956D46DE8}") = "Blog.RabbitMq.Consumers", "Blog.RabbitMq.Consumers", "{BD8912F4-DB83-4D9C-A2DA-24874885E0C6}"
EndProject
Project("{FAE04EC0-301F-11D3-BF4B-00C04F79EFBC}") = "Blog.Consumer", "Blog.RabbitMq.Consumers\Blog.Consumer\Blog.Consumer.csproj", "{A87CC639-A2D2-489A-A282-B54491962BAE}"
EndProject
Project("{FAE04EC0-301F-11D3-BF4B-00C04F79EFBC}") = "Blog.Tests", "Blog.Tests\Blog.Tests.csproj", "{B660D623-AB2B-47D5-B327-AAFFAC0E24AC}"
EndProject
Global
	GlobalSection(SolutionConfigurationPlatforms) = preSolution
		Debug|Any CPU = Debug|Any CPU
		Release|Any CPU = Release|Any CPU
	EndGlobalSection
	GlobalSection(ProjectConfigurationPlatforms) = postSolution
		{FC77FF22-3411-4D09-8EAE-1CBC6D696C78}.Debug|Any CPU.ActiveCfg = Debug|Any CPU
		{FC77FF22-3411-4D09-8EAE-1CBC6D696C78}.Debug|Any CPU.Build.0 = Debug|Any CPU
		{FC77FF22-3411-4D09-8EAE-1CBC6D696C78}.Release|Any CPU.ActiveCfg = Release|Any CPU
		{FC77FF22-3411-4D09-8EAE-1CBC6D696C78}.Release|Any CPU.Build.0 = Release|Any CPU
		{E4FB2133-505C-40DA-A11E-5AE27DB5D376}.Debug|Any CPU.ActiveCfg = Debug|Any CPU
		{E4FB2133-505C-40DA-A11E-5AE27DB5D376}.Debug|Any CPU.Build.0 = Debug|Any CPU
		{E4FB2133-505C-40DA-A11E-5AE27DB5D376}.Release|Any CPU.ActiveCfg = Release|Any CPU
		{E4FB2133-505C-40DA-A11E-5AE27DB5D376}.Release|Any CPU.Build.0 = Release|Any CPU
		{F7473286-5CBA-4361-BCFD-68472948102D}.Debug|Any CPU.ActiveCfg = Debug|Any CPU
		{F7473286-5CBA-4361-BCFD-68472948102D}.Debug|Any CPU.Build.0 = Debug|Any CPU
		{F7473286-5CBA-4361-BCFD-68472948102D}.Release|Any CPU.ActiveCfg = Release|Any CPU
		{F7473286-5CBA-4361-BCFD-68472948102D}.Release|Any CPU.Build.0 = Release|Any CPU
		{891AD4D5-2B8A-46D1-9398-37E124C0294E}.Debug|Any CPU.ActiveCfg = Debug|Any CPU
		{891AD4D5-2B8A-46D1-9398-37E124C0294E}.Debug|Any CPU.Build.0 = Debug|Any CPU
		{891AD4D5-2B8A-46D1-9398-37E124C0294E}.Release|Any CPU.ActiveCfg = Release|Any CPU
		{891AD4D5-2B8A-46D1-9398-37E124C0294E}.Release|Any CPU.Build.0 = Release|Any CPU
		{F393E770-EAAC-4633-B975-194F0232D121}.Debug|Any CPU.ActiveCfg = Debug|Any CPU
		{F393E770-EAAC-4633-B975-194F0232D121}.Debug|Any CPU.Build.0 = Debug|Any CPU
		{F393E770-EAAC-4633-B975-194F0232D121}.Release|Any CPU.ActiveCfg = Release|Any CPU
		{F393E770-EAAC-4633-B975-194F0232D121}.Release|Any CPU.Build.0 = Release|Any CPU
		{A87CC639-A2D2-489A-A282-B54491962BAE}.Debug|Any CPU.ActiveCfg = Debug|Any CPU
		{A87CC639-A2D2-489A-A282-B54491962BAE}.Debug|Any CPU.Build.0 = Debug|Any CPU
		{A87CC639-A2D2-489A-A282-B54491962BAE}.Release|Any CPU.ActiveCfg = Release|Any CPU
		{A87CC639-A2D2-489A-A282-B54491962BAE}.Release|Any CPU.Build.0 = Release|Any CPU
		{B660D623-AB2B-47D5-B327-AAFFAC0E24AC}.Debug|Any CPU.ActiveCfg = Debug|Any CPU
		{B660D623-AB2B-47D5-B327-AAFFAC0E24AC}.Debug|Any CPU.Build.0 = Debug|Any CPU
		{B660D623-AB2B-47D5-B327-AAFFAC0E24AC}.Release|Any CPU.ActiveCfg = Release|Any CPU
		{B660D623-AB2B-47D5-B327-AAFFAC0E24AC}.Release|Any CPU.Build.0 = Release|Any CPU
	EndGlobalSection
	GlobalSection(SolutionProperties) = preSolution
		HideSolutionNode = FALSE
	EndGlobalSection
	GlobalSection(ExtensibilityGlobals) = postSolution
		SolutionGuid = {312BB513-298D-4B9A-80B9-198399605B5A}
	EndGlobalSection
	GlobalSection(NestedProjects) = preSolution
		{A87CC639-A2D2-489A-A282-B54491962BAE} = {BD8912F4-DB83-4D9C-A2DA-24874885E0C6}
	EndGlobalSection
EndGlobal
